// !$*UTF8*$!
{
	archiveVersion = 1;
	classes = {
	};
	objectVersion = 51;
	objects = {

/* Begin PBXBuildFile section */
		433B5D5B5D4379B871336201 /* Pods_CurrencyConverter.framework in Frameworks */ = {isa = PBXBuildFile; fileRef = AC8ED79E87BA6888D5D1DFFE /* Pods_CurrencyConverter.framework */; };
		6DD552F525F76C5600CBAC16 /* AppDelegate.swift in Sources */ = {isa = PBXBuildFile; fileRef = 6DD552F425F76C5600CBAC16 /* AppDelegate.swift */; };
		6DD552F925F76C5600CBAC16 /* CurrencyConverterViewController.swift in Sources */ = {isa = PBXBuildFile; fileRef = 6DD552F825F76C5600CBAC16 /* CurrencyConverterViewController.swift */; };
		6DD552FC25F76C5600CBAC16 /* Main.storyboard in Resources */ = {isa = PBXBuildFile; fileRef = 6DD552FA25F76C5600CBAC16 /* Main.storyboard */; };
		6DD552FE25F76C5800CBAC16 /* Assets.xcassets in Resources */ = {isa = PBXBuildFile; fileRef = 6DD552FD25F76C5800CBAC16 /* Assets.xcassets */; };
		6DD5530125F76C5800CBAC16 /* LaunchScreen.storyboard in Resources */ = {isa = PBXBuildFile; fileRef = 6DD552FF25F76C5800CBAC16 /* LaunchScreen.storyboard */; };
		6DD5531A25F76FAE00CBAC16 /* CurrencyConverterViewModel.swift in Sources */ = {isa = PBXBuildFile; fileRef = 6DD5531925F76FAE00CBAC16 /* CurrencyConverterViewModel.swift */; };
		6DD5532025F7709D00CBAC16 /* R.generated.swift in Sources */ = {isa = PBXBuildFile; fileRef = 6DD5531F25F7709D00CBAC16 /* R.generated.swift */; };
		6DD5532B25F7716A00CBAC16 /* Coordinator.swift in Sources */ = {isa = PBXBuildFile; fileRef = 6DD5532A25F7716A00CBAC16 /* Coordinator.swift */; };
		6DD5532E25F7719200CBAC16 /* AppCoordinator.swift in Sources */ = {isa = PBXBuildFile; fileRef = 6DD5532D25F7719200CBAC16 /* AppCoordinator.swift */; };
/* End PBXBuildFile section */

/* Begin PBXFileReference section */
		19707E846B7F07BCEE166C67 /* Pods-CurrencyConverter.release.xcconfig */ = {isa = PBXFileReference; includeInIndex = 1; lastKnownFileType = text.xcconfig; name = "Pods-CurrencyConverter.release.xcconfig"; path = "Target Support Files/Pods-CurrencyConverter/Pods-CurrencyConverter.release.xcconfig"; sourceTree = "<group>"; };
		37AF7E239289693EEA1788FB /* Pods-CurrencyConverter.debug.xcconfig */ = {isa = PBXFileReference; includeInIndex = 1; lastKnownFileType = text.xcconfig; name = "Pods-CurrencyConverter.debug.xcconfig"; path = "Target Support Files/Pods-CurrencyConverter/Pods-CurrencyConverter.debug.xcconfig"; sourceTree = "<group>"; };
		6DD552F125F76C5600CBAC16 /* CurrencyConverter.app */ = {isa = PBXFileReference; explicitFileType = wrapper.application; includeInIndex = 0; path = CurrencyConverter.app; sourceTree = BUILT_PRODUCTS_DIR; };
		6DD552F425F76C5600CBAC16 /* AppDelegate.swift */ = {isa = PBXFileReference; lastKnownFileType = sourcecode.swift; path = AppDelegate.swift; sourceTree = "<group>"; };
		6DD552F825F76C5600CBAC16 /* CurrencyConverterViewController.swift */ = {isa = PBXFileReference; lastKnownFileType = sourcecode.swift; path = CurrencyConverterViewController.swift; sourceTree = "<group>"; };
		6DD552FB25F76C5600CBAC16 /* Base */ = {isa = PBXFileReference; lastKnownFileType = file.storyboard; name = Base; path = Base.lproj/Main.storyboard; sourceTree = "<group>"; };
		6DD552FD25F76C5800CBAC16 /* Assets.xcassets */ = {isa = PBXFileReference; lastKnownFileType = folder.assetcatalog; path = Assets.xcassets; sourceTree = "<group>"; };
		6DD5530025F76C5800CBAC16 /* Base */ = {isa = PBXFileReference; lastKnownFileType = file.storyboard; name = Base; path = Base.lproj/LaunchScreen.storyboard; sourceTree = "<group>"; };
		6DD5530225F76C5800CBAC16 /* Info.plist */ = {isa = PBXFileReference; lastKnownFileType = text.plist.xml; path = Info.plist; sourceTree = "<group>"; };
		6DD5531925F76FAE00CBAC16 /* CurrencyConverterViewModel.swift */ = {isa = PBXFileReference; lastKnownFileType = sourcecode.swift; path = CurrencyConverterViewModel.swift; sourceTree = "<group>"; };
		6DD5531F25F7709D00CBAC16 /* R.generated.swift */ = {isa = PBXFileReference; fileEncoding = 4; lastKnownFileType = sourcecode.swift; path = R.generated.swift; sourceTree = SOURCE_ROOT; };
		6DD5532A25F7716A00CBAC16 /* Coordinator.swift */ = {isa = PBXFileReference; lastKnownFileType = sourcecode.swift; path = Coordinator.swift; sourceTree = "<group>"; };
		6DD5532D25F7719200CBAC16 /* AppCoordinator.swift */ = {isa = PBXFileReference; lastKnownFileType = sourcecode.swift; path = AppCoordinator.swift; sourceTree = "<group>"; };
		AC8ED79E87BA6888D5D1DFFE /* Pods_CurrencyConverter.framework */ = {isa = PBXFileReference; explicitFileType = wrapper.framework; includeInIndex = 0; path = Pods_CurrencyConverter.framework; sourceTree = BUILT_PRODUCTS_DIR; };
/* End PBXFileReference section */

/* Begin PBXFrameworksBuildPhase section */
		6DD552EE25F76C5600CBAC16 /* Frameworks */ = {
			isa = PBXFrameworksBuildPhase;
			buildActionMask = 2147483647;
			files = (
				433B5D5B5D4379B871336201 /* Pods_CurrencyConverter.framework in Frameworks */,
			);
			runOnlyForDeploymentPostprocessing = 0;
		};
/* End PBXFrameworksBuildPhase section */

/* Begin PBXGroup section */
		4559B718163A79102B27EFA1 /* Pods */ = {
			isa = PBXGroup;
			children = (
				37AF7E239289693EEA1788FB /* Pods-CurrencyConverter.debug.xcconfig */,
				19707E846B7F07BCEE166C67 /* Pods-CurrencyConverter.release.xcconfig */,
			);
			path = Pods;
			sourceTree = "<group>";
		};
		6DD552E825F76C5600CBAC16 = {
			isa = PBXGroup;
			children = (
				6DD552F325F76C5600CBAC16 /* CurrencyConverter */,
				6DD552F225F76C5600CBAC16 /* Products */,
				4559B718163A79102B27EFA1 /* Pods */,
				F2F1F9CBCDE0B606737E6385 /* Frameworks */,
			);
			sourceTree = "<group>";
		};
		6DD552F225F76C5600CBAC16 /* Products */ = {
			isa = PBXGroup;
			children = (
				6DD552F125F76C5600CBAC16 /* CurrencyConverter.app */,
			);
			name = Products;
			sourceTree = "<group>";
		};
		6DD552F325F76C5600CBAC16 /* CurrencyConverter */ = {
			isa = PBXGroup;
			children = (
				6DD5533025F771A300CBAC16 /* Utilities */,
				6DD5531C25F7704F00CBAC16 /* Resources */,
				6DD5531525F76D7B00CBAC16 /* Model */,
				6DD5531825F76F9700CBAC16 /* ViewModel */,
				6DD5531425F76D7500CBAC16 /* UI */,
				6DD552F425F76C5600CBAC16 /* AppDelegate.swift */,
				6DD5530225F76C5800CBAC16 /* Info.plist */,
			);
			path = CurrencyConverter;
			sourceTree = "<group>";
		};
		6DD5531425F76D7500CBAC16 /* UI */ = {
			isa = PBXGroup;
			children = (
				6DD5532925F7715C00CBAC16 /* Currency Converter */,
				6DD552FA25F76C5600CBAC16 /* Main.storyboard */,
				6DD5532D25F7719200CBAC16 /* AppCoordinator.swift */,
			);
			path = UI;
			sourceTree = "<group>";
		};
		6DD5531525F76D7B00CBAC16 /* Model */ = {
			isa = PBXGroup;
			children = (
			);
			path = Model;
			sourceTree = "<group>";
		};
		6DD5531825F76F9700CBAC16 /* ViewModel */ = {
			isa = PBXGroup;
			children = (
				6DD5531925F76FAE00CBAC16 /* CurrencyConverterViewModel.swift */,
			);
			path = ViewModel;
			sourceTree = "<group>";
		};
		6DD5531C25F7704F00CBAC16 /* Resources */ = {
			isa = PBXGroup;
			children = (
				6DD5531F25F7709D00CBAC16 /* R.generated.swift */,
				6DD552FF25F76C5800CBAC16 /* LaunchScreen.storyboard */,
				6DD552FD25F76C5800CBAC16 /* Assets.xcassets */,
			);
			path = Resources;
			sourceTree = "<group>";
		};
		6DD5532925F7715C00CBAC16 /* Currency Converter */ = {
			isa = PBXGroup;
			children = (
				6DD552F825F76C5600CBAC16 /* CurrencyConverterViewController.swift */,
			);
			path = "Currency Converter";
			sourceTree = "<group>";
		};
		6DD5533025F771A300CBAC16 /* Utilities */ = {
			isa = PBXGroup;
			children = (
				6DD5532A25F7716A00CBAC16 /* Coordinator.swift */,
			);
			path = Utilities;
			sourceTree = "<group>";
		};
		F2F1F9CBCDE0B606737E6385 /* Frameworks */ = {
			isa = PBXGroup;
			children = (
				AC8ED79E87BA6888D5D1DFFE /* Pods_CurrencyConverter.framework */,
			);
			name = Frameworks;
			sourceTree = "<group>";
		};
/* End PBXGroup section */

/* Begin PBXNativeTarget section */
		6DD552F025F76C5600CBAC16 /* CurrencyConverter */ = {
			isa = PBXNativeTarget;
			buildConfigurationList = 6DD5530525F76C5800CBAC16 /* Build configuration list for PBXNativeTarget "CurrencyConverter" */;
			buildPhases = (
				EA0C6E66B92BC729189A7414 /* [CP] Check Pods Manifest.lock */,
				6DD5531D25F7706600CBAC16 /* Run Script - R.swift */,
				6DD552ED25F76C5600CBAC16 /* Sources */,
				6DD552EE25F76C5600CBAC16 /* Frameworks */,
				6DD552EF25F76C5600CBAC16 /* Resources */,
				6B37C6BD39ED8349290B0BAC /* [CP] Embed Pods Frameworks */,
			);
			buildRules = (
			);
			dependencies = (
			);
			name = CurrencyConverter;
			productName = CurrencyConverter;
			productReference = 6DD552F125F76C5600CBAC16 /* CurrencyConverter.app */;
			productType = "com.apple.product-type.application";
		};
/* End PBXNativeTarget section */

/* Begin PBXProject section */
		6DD552E925F76C5600CBAC16 /* Project object */ = {
			isa = PBXProject;
			attributes = {
				LastSwiftUpdateCheck = 1240;
				LastUpgradeCheck = 1240;
				TargetAttributes = {
					6DD552F025F76C5600CBAC16 = {
						CreatedOnToolsVersion = 12.4;
					};
				};
			};
			buildConfigurationList = 6DD552EC25F76C5600CBAC16 /* Build configuration list for PBXProject "CurrencyConverter" */;
			compatibilityVersion = "Xcode 9.3";
			developmentRegion = en;
			hasScannedForEncodings = 0;
			knownRegions = (
				en,
				Base,
			);
			mainGroup = 6DD552E825F76C5600CBAC16;
			productRefGroup = 6DD552F225F76C5600CBAC16 /* Products */;
			projectDirPath = "";
			projectRoot = "";
			targets = (
				6DD552F025F76C5600CBAC16 /* CurrencyConverter */,
			);
		};
/* End PBXProject section */

/* Begin PBXResourcesBuildPhase section */
		6DD552EF25F76C5600CBAC16 /* Resources */ = {
			isa = PBXResourcesBuildPhase;
			buildActionMask = 2147483647;
			files = (
				6DD5530125F76C5800CBAC16 /* LaunchScreen.storyboard in Resources */,
				6DD552FE25F76C5800CBAC16 /* Assets.xcassets in Resources */,
				6DD552FC25F76C5600CBAC16 /* Main.storyboard in Resources */,
			);
			runOnlyForDeploymentPostprocessing = 0;
		};
/* End PBXResourcesBuildPhase section */

/* Begin PBXShellScriptBuildPhase section */
		6B37C6BD39ED8349290B0BAC /* [CP] Embed Pods Frameworks */ = {
			isa = PBXShellScriptBuildPhase;
			buildActionMask = 2147483647;
			files = (
			);
			inputFileListPaths = (
				"${PODS_ROOT}/Target Support Files/Pods-CurrencyConverter/Pods-CurrencyConverter-frameworks-${CONFIGURATION}-input-files.xcfilelist",
			);
			name = "[CP] Embed Pods Frameworks";
			outputFileListPaths = (
				"${PODS_ROOT}/Target Support Files/Pods-CurrencyConverter/Pods-CurrencyConverter-frameworks-${CONFIGURATION}-output-files.xcfilelist",
			);
			runOnlyForDeploymentPostprocessing = 0;
			shellPath = /bin/sh;
			shellScript = "\"${PODS_ROOT}/Target Support Files/Pods-CurrencyConverter/Pods-CurrencyConverter-frameworks.sh\"\n";
			showEnvVarsInLog = 0;
		};
		6DD5531D25F7706600CBAC16 /* Run Script - R.swift */ = {
			isa = PBXShellScriptBuildPhase;
			buildActionMask = 2147483647;
			files = (
			);
			inputFileListPaths = (
			);
			inputPaths = (
				"$TEMP_DIR/rswift-lastrun",
			);
			name = "Run Script - R.swift";
			outputFileListPaths = (
			);
			outputPaths = (
				$SRCROOT/R.generated.swift,
			);
			runOnlyForDeploymentPostprocessing = 0;
			shellPath = /bin/sh;
			shellScript = "\"$PODS_ROOT/R.swift/rswift\" generate \"$SRCROOT/R.generated.swift\"\n";
		};
		EA0C6E66B92BC729189A7414 /* [CP] Check Pods Manifest.lock */ = {
			isa = PBXShellScriptBuildPhase;
			buildActionMask = 2147483647;
			files = (
			);
			inputFileListPaths = (
			);
			inputPaths = (
				"${PODS_PODFILE_DIR_PATH}/Podfile.lock",
				"${PODS_ROOT}/Manifest.lock",
			);
			name = "[CP] Check Pods Manifest.lock";
			outputFileListPaths = (
			);
			outputPaths = (
				"$(DERIVED_FILE_DIR)/Pods-CurrencyConverter-checkManifestLockResult.txt",
			);
			runOnlyForDeploymentPostprocessing = 0;
			shellPath = /bin/sh;
			shellScript = "diff \"${PODS_PODFILE_DIR_PATH}/Podfile.lock\" \"${PODS_ROOT}/Manifest.lock\" > /dev/null\nif [ $? != 0 ] ; then\n    # print error to STDERR\n    echo \"error: The sandbox is not in sync with the Podfile.lock. Run 'pod install' or update your CocoaPods installation.\" >&2\n    exit 1\nfi\n# This output is used by Xcode 'outputs' to avoid re-running this script phase.\necho \"SUCCESS\" > \"${SCRIPT_OUTPUT_FILE_0}\"\n";
			showEnvVarsInLog = 0;
		};
/* End PBXShellScriptBuildPhase section */

/* Begin PBXSourcesBuildPhase section */
		6DD552ED25F76C5600CBAC16 /* Sources */ = {
			isa = PBXSourcesBuildPhase;
			buildActionMask = 2147483647;
			files = (
				6DD5532E25F7719200CBAC16 /* AppCoordinator.swift in Sources */,
				6DD552F925F76C5600CBAC16 /* CurrencyConverterViewController.swift in Sources */,
				6DD552F525F76C5600CBAC16 /* AppDelegate.swift in Sources */,
				6DD5532B25F7716A00CBAC16 /* Coordinator.swift in Sources */,
				6DD5531A25F76FAE00CBAC16 /* CurrencyConverterViewModel.swift in Sources */,
				6DD5532025F7709D00CBAC16 /* R.generated.swift in Sources */,
			);
			runOnlyForDeploymentPostprocessing = 0;
		};
/* End PBXSourcesBuildPhase section */

/* Begin PBXVariantGroup section */
		6DD552FA25F76C5600CBAC16 /* Main.storyboard */ = {
			isa = PBXVariantGroup;
			children = (
				6DD552FB25F76C5600CBAC16 /* Base */,
			);
			name = Main.storyboard;
			sourceTree = "<group>";
		};
		6DD552FF25F76C5800CBAC16 /* LaunchScreen.storyboard */ = {
			isa = PBXVariantGroup;
			children = (
				6DD5530025F76C5800CBAC16 /* Base */,
			);
			name = LaunchScreen.storyboard;
			sourceTree = "<group>";
		};
/* End PBXVariantGroup section */

/* Begin XCBuildConfiguration section */
		6DD5530325F76C5800CBAC16 /* Debug */ = {
			isa = XCBuildConfiguration;
			buildSettings = {
				ALWAYS_SEARCH_USER_PATHS = NO;
				CLANG_ANALYZER_NONNULL = YES;
				CLANG_ANALYZER_NUMBER_OBJECT_CONVERSION = YES_AGGRESSIVE;
				CLANG_CXX_LANGUAGE_STANDARD = "gnu++14";
				CLANG_CXX_LIBRARY = "libc++";
				CLANG_ENABLE_MODULES = YES;
				CLANG_ENABLE_OBJC_ARC = YES;
				CLANG_ENABLE_OBJC_WEAK = YES;
				CLANG_WARN_BLOCK_CAPTURE_AUTORELEASING = YES;
				CLANG_WARN_BOOL_CONVERSION = YES;
				CLANG_WARN_COMMA = YES;
				CLANG_WARN_CONSTANT_CONVERSION = YES;
				CLANG_WARN_DEPRECATED_OBJC_IMPLEMENTATIONS = YES;
				CLANG_WARN_DIRECT_OBJC_ISA_USAGE = YES_ERROR;
				CLANG_WARN_DOCUMENTATION_COMMENTS = YES;
				CLANG_WARN_EMPTY_BODY = YES;
				CLANG_WARN_ENUM_CONVERSION = YES;
				CLANG_WARN_INFINITE_RECURSION = YES;
				CLANG_WARN_INT_CONVERSION = YES;
				CLANG_WARN_NON_LITERAL_NULL_CONVERSION = YES;
				CLANG_WARN_OBJC_IMPLICIT_RETAIN_SELF = YES;
				CLANG_WARN_OBJC_LITERAL_CONVERSION = YES;
				CLANG_WARN_OBJC_ROOT_CLASS = YES_ERROR;
				CLANG_WARN_QUOTED_INCLUDE_IN_FRAMEWORK_HEADER = YES;
				CLANG_WARN_RANGE_LOOP_ANALYSIS = YES;
				CLANG_WARN_STRICT_PROTOTYPES = YES;
				CLANG_WARN_SUSPICIOUS_MOVE = YES;
				CLANG_WARN_UNGUARDED_AVAILABILITY = YES_AGGRESSIVE;
				CLANG_WARN_UNREACHABLE_CODE = YES;
				CLANG_WARN__DUPLICATE_METHOD_MATCH = YES;
				COPY_PHASE_STRIP = NO;
				DEBUG_INFORMATION_FORMAT = dwarf;
				ENABLE_STRICT_OBJC_MSGSEND = YES;
				ENABLE_TESTABILITY = YES;
				GCC_C_LANGUAGE_STANDARD = gnu11;
				GCC_DYNAMIC_NO_PIC = NO;
				GCC_NO_COMMON_BLOCKS = YES;
				GCC_OPTIMIZATION_LEVEL = 0;
				GCC_PREPROCESSOR_DEFINITIONS = (
					"DEBUG=1",
					"$(inherited)",
				);
				GCC_WARN_64_TO_32_BIT_CONVERSION = YES;
				GCC_WARN_ABOUT_RETURN_TYPE = YES_ERROR;
				GCC_WARN_UNDECLARED_SELECTOR = YES;
				GCC_WARN_UNINITIALIZED_AUTOS = YES_AGGRESSIVE;
				GCC_WARN_UNUSED_FUNCTION = YES;
				GCC_WARN_UNUSED_VARIABLE = YES;
				IPHONEOS_DEPLOYMENT_TARGET = 14.4;
				MTL_ENABLE_DEBUG_INFO = INCLUDE_SOURCE;
				MTL_FAST_MATH = YES;
				ONLY_ACTIVE_ARCH = YES;
				SDKROOT = iphoneos;
				SWIFT_ACTIVE_COMPILATION_CONDITIONS = DEBUG;
				SWIFT_OPTIMIZATION_LEVEL = "-Onone";
			};
			name = Debug;
		};
		6DD5530425F76C5800CBAC16 /* Release */ = {
			isa = XCBuildConfiguration;
			buildSettings = {
				ALWAYS_SEARCH_USER_PATHS = NO;
				CLANG_ANALYZER_NONNULL = YES;
				CLANG_ANALYZER_NUMBER_OBJECT_CONVERSION = YES_AGGRESSIVE;
				CLANG_CXX_LANGUAGE_STANDARD = "gnu++14";
				CLANG_CXX_LIBRARY = "libc++";
				CLANG_ENABLE_MODULES = YES;
				CLANG_ENABLE_OBJC_ARC = YES;
				CLANG_ENABLE_OBJC_WEAK = YES;
				CLANG_WARN_BLOCK_CAPTURE_AUTORELEASING = YES;
				CLANG_WARN_BOOL_CONVERSION = YES;
				CLANG_WARN_COMMA = YES;
				CLANG_WARN_CONSTANT_CONVERSION = YES;
				CLANG_WARN_DEPRECATED_OBJC_IMPLEMENTATIONS = YES;
				CLANG_WARN_DIRECT_OBJC_ISA_USAGE = YES_ERROR;
				CLANG_WARN_DOCUMENTATION_COMMENTS = YES;
				CLANG_WARN_EMPTY_BODY = YES;
				CLANG_WARN_ENUM_CONVERSION = YES;
				CLANG_WARN_INFINITE_RECURSION = YES;
				CLANG_WARN_INT_CONVERSION = YES;
				CLANG_WARN_NON_LITERAL_NULL_CONVERSION = YES;
				CLANG_WARN_OBJC_IMPLICIT_RETAIN_SELF = YES;
				CLANG_WARN_OBJC_LITERAL_CONVERSION = YES;
				CLANG_WARN_OBJC_ROOT_CLASS = YES_ERROR;
				CLANG_WARN_QUOTED_INCLUDE_IN_FRAMEWORK_HEADER = YES;
				CLANG_WARN_RANGE_LOOP_ANALYSIS = YES;
				CLANG_WARN_STRICT_PROTOTYPES = YES;
				CLANG_WARN_SUSPICIOUS_MOVE = YES;
				CLANG_WARN_UNGUARDED_AVAILABILITY = YES_AGGRESSIVE;
				CLANG_WARN_UNREACHABLE_CODE = YES;
				CLANG_WARN__DUPLICATE_METHOD_MATCH = YES;
				COPY_PHASE_STRIP = NO;
				DEBUG_INFORMATION_FORMAT = "dwarf-with-dsym";
				ENABLE_NS_ASSERTIONS = NO;
				ENABLE_STRICT_OBJC_MSGSEND = YES;
				GCC_C_LANGUAGE_STANDARD = gnu11;
				GCC_NO_COMMON_BLOCKS = YES;
				GCC_WARN_64_TO_32_BIT_CONVERSION = YES;
				GCC_WARN_ABOUT_RETURN_TYPE = YES_ERROR;
				GCC_WARN_UNDECLARED_SELECTOR = YES;
				GCC_WARN_UNINITIALIZED_AUTOS = YES_AGGRESSIVE;
				GCC_WARN_UNUSED_FUNCTION = YES;
				GCC_WARN_UNUSED_VARIABLE = YES;
				IPHONEOS_DEPLOYMENT_TARGET = 14.4;
				MTL_ENABLE_DEBUG_INFO = NO;
				MTL_FAST_MATH = YES;
				SDKROOT = iphoneos;
				SWIFT_COMPILATION_MODE = wholemodule;
				SWIFT_OPTIMIZATION_LEVEL = "-O";
				VALIDATE_PRODUCT = YES;
			};
			name = Release;
		};
		6DD5530625F76C5800CBAC16 /* Debug */ = {
			isa = XCBuildConfiguration;
			baseConfigurationReference = 37AF7E239289693EEA1788FB /* Pods-CurrencyConverter.debug.xcconfig */;
			buildSettings = {
				ASSETCATALOG_COMPILER_APPICON_NAME = AppIcon;
				ASSETCATALOG_COMPILER_GLOBAL_ACCENT_COLOR_NAME = AccentColor;
				CODE_SIGN_STYLE = Automatic;
				DEVELOPMENT_TEAM = N4V5XQ7BWS;
				INFOPLIST_FILE = CurrencyConverter/Info.plist;
				IPHONEOS_DEPLOYMENT_TARGET = 12.1;
				LD_RUNPATH_SEARCH_PATHS = (
					"$(inherited)",
					"@executable_path/Frameworks",
				);
				PRODUCT_BUNDLE_IDENTIFIER = sample.code.CurrencyConverter;
				PRODUCT_NAME = "$(TARGET_NAME)";
				SWIFT_VERSION = 5.0;
				TARGETED_DEVICE_FAMILY = 1;
			};
			name = Debug;
		};
		6DD5530725F76C5800CBAC16 /* Release */ = {
			isa = XCBuildConfiguration;
			baseConfigurationReference = 19707E846B7F07BCEE166C67 /* Pods-CurrencyConverter.release.xcconfig */;
			buildSettings = {
				ASSETCATALOG_COMPILER_APPICON_NAME = AppIcon;
				ASSETCATALOG_COMPILER_GLOBAL_ACCENT_COLOR_NAME = AccentColor;
				CODE_SIGN_STYLE = Automatic;
				DEVELOPMENT_TEAM = N4V5XQ7BWS;
				INFOPLIST_FILE = CurrencyConverter/Info.plist;
				IPHONEOS_DEPLOYMENT_TARGET = 12.1;
				LD_RUNPATH_SEARCH_PATHS = (
					"$(inherited)",
					"@executable_path/Frameworks",
				);
				PRODUCT_BUNDLE_IDENTIFIER = sample.code.CurrencyConverter;
				PRODUCT_NAME = "$(TARGET_NAME)";
				SWIFT_VERSION = 5.0;
				TARGETED_DEVICE_FAMILY = 1;
			};
			name = Release;
		};
/* End XCBuildConfiguration section */

/* Begin XCConfigurationList section */
		6DD552EC25F76C5600CBAC16 /* Build configuration list for PBXProject "CurrencyConverter" */ = {
			isa = XCConfigurationList;
			buildConfigurations = (
				6DD5530325F76C5800CBAC16 /* Debug */,
				6DD5530425F76C5800CBAC16 /* Release */,
			);
			defaultConfigurationIsVisible = 0;
			defaultConfigurationName = Release;
		};
		6DD5530525F76C5800CBAC16 /* Build configuration list for PBXNativeTarget "CurrencyConverter" */ = {
			isa = XCConfigurationList;
			buildConfigurations = (
				6DD5530625F76C5800CBAC16 /* Debug */,
				6DD5530725F76C5800CBAC16 /* Release */,
			);
			defaultConfigurationIsVisible = 0;
			defaultConfigurationName = Release;
		};
/* End XCConfigurationList section */
	};
	rootObject = 6DD552E925F76C5600CBAC16 /* Project object */;
}
